
Microsoft Visual Studio Solution File, Format Version 12.00
# Visual Studio Version 17
VisualStudioVersion = 17.0.31903.59
MinimumVisualStudioVersion = 10.0.40219.1
Project("{2150E333-8FDC-42A3-9474-1A3956D46DE8}") = "src", "src", "{64ED2B97-B6DE-4C87-8A75-AF4BE3463455}"
EndProject
Project("{FAE04EC0-301F-11D3-BF4B-00C04F79EFBC}") = "AdventOfCode.2024", "src\AdventOfCode.2024\AdventOfCode.2024.csproj", "{FB8A4E9C-DE0E-4786-8089-DCF0DF6F8F51}"
EndProject
Project("{2150E333-8FDC-42A3-9474-1A3956D46DE8}") = "tests", "tests", "{B9894457-12F1-476E-BA65-5AE14DE363E7}"
EndProject
Project("{FAE04EC0-301F-11D3-BF4B-00C04F79EFBC}") = "AdventOfCode.2024.Tests", "tests\AdventOfCode.2024.Tests\AdventOfCode.2024.Tests.csproj", "{89457C8F-5400-4277-886F-BDF4F8007F15}"
EndProject
Global
	GlobalSection(SolutionConfigurationPlatforms) = preSolution
		Debug|Any CPU = Debug|Any CPU
		Release|Any CPU = Release|Any CPU
	EndGlobalSection
	GlobalSection(SolutionProperties) = preSolution
		HideSolutionNode = FALSE
	EndGlobalSection
	GlobalSection(ProjectConfigurationPlatforms) = postSolution
		{FB8A4E9C-DE0E-4786-8089-DCF0DF6F8F51}.Debug|Any CPU.ActiveCfg = Debug|Any CPU
		{FB8A4E9C-DE0E-4786-8089-DCF0DF6F8F51}.Debug|Any CPU.Build.0 = Debug|Any CPU
		{FB8A4E9C-DE0E-4786-8089-DCF0DF6F8F51}.Release|Any CPU.ActiveCfg = Release|Any CPU
		{FB8A4E9C-DE0E-4786-8089-DCF0DF6F8F51}.Release|Any CPU.Build.0 = Release|Any CPU
		{89457C8F-5400-4277-886F-BDF4F8007F15}.Debug|Any CPU.ActiveCfg = Debug|Any CPU
		{89457C8F-5400-4277-886F-BDF4F8007F15}.Debug|Any CPU.Build.0 = Debug|Any CPU
		{89457C8F-5400-4277-886F-BDF4F8007F15}.Release|Any CPU.ActiveCfg = Release|Any CPU
		{89457C8F-5400-4277-886F-BDF4F8007F15}.Release|Any CPU.Build.0 = Release|Any CPU
	EndGlobalSection
	GlobalSection(NestedProjects) = preSolution
		{FB8A4E9C-DE0E-4786-8089-DCF0DF6F8F51} = {64ED2B97-B6DE-4C87-8A75-AF4BE3463455}
		{89457C8F-5400-4277-886F-BDF4F8007F15} = {B9894457-12F1-476E-BA65-5AE14DE363E7}
	EndGlobalSection
EndGlobal
